
Microsoft Visual Studio Solution File, Format Version 12.00
# Visual Studio Version 17
VisualStudioVersion = 17.0.31903.59
MinimumVisualStudioVersion = 10.0.40219.1
Project("{2150E333-8FDC-42A3-9474-1A3956D46DE8}") = "Core", "Core", "{441CDEBD-6D66-4AEB-90DB-0C4576D17B70}"
EndProject
Project("{FAE04EC0-301F-11D3-BF4B-00C04F79EFBC}") = "Ecommerce.Domain", "Core\Ecommerce.Domain\Ecommerce.Domain.csproj", "{B02FB0E4-FAF8-4722-B84E-7BE891C958CE}"
EndProject
Project("{FAE04EC0-301F-11D3-BF4B-00C04F79EFBC}") = "Ecommerce.Application", "Core\Ecommerce.Application\Ecommerce.Application.csproj", "{9FDC39D7-BED4-43CC-8E87-7B10B8457799}"
EndProject
Project("{2150E333-8FDC-42A3-9474-1A3956D46DE8}") = "Infrastructure", "Infrastructure", "{55BDF46B-96A3-468C-802A-053167D5E65C}"
EndProject
Project("{FAE04EC0-301F-11D3-BF4B-00C04F79EFBC}") = "Ecommerce.Infrastructure", "Infrastructure\Ecommerce.Infrastructure\Ecommerce.Infrastructure.csproj", "{866AB0FC-B16E-4EC2-979B-634D5DA30EB8}"
EndProject
Project("{FAE04EC0-301F-11D3-BF4B-00C04F79EFBC}") = "Ecommerce.Persistance", "Infrastructure\Ecommerce.Persistance\Ecommerce.Persistance.csproj", "{B1AC5105-39A1-4EE8-9854-462F79A6E29B}"
EndProject
Project("{2150E333-8FDC-42A3-9474-1A3956D46DE8}") = "Presentation", "Presentation", "{AE171E95-7B99-4E05-B0F0-C8542809CDD6}"
EndProject
Project("{FAE04EC0-301F-11D3-BF4B-00C04F79EFBC}") = "Ecommerce.Api", "Presentation\Ecommerce.Api\Ecommerce.Api.csproj", "{E63A2A2A-ACB7-4C6B-922A-B90925D19479}"
EndProject
Project("{FAE04EC0-301F-11D3-BF4B-00C04F79EFBC}") = "Ecommerce.Mapper", "Core\Ecommerce.Mapper\Ecommerce.Mapper.csproj", "{DEB833CC-E63A-40AD-8430-FB020D107024}"
EndProject
Global
	GlobalSection(SolutionConfigurationPlatforms) = preSolution
		Debug|Any CPU = Debug|Any CPU
		Release|Any CPU = Release|Any CPU
	EndGlobalSection
	GlobalSection(SolutionProperties) = preSolution
		HideSolutionNode = FALSE
	EndGlobalSection
	GlobalSection(ProjectConfigurationPlatforms) = postSolution
		{B02FB0E4-FAF8-4722-B84E-7BE891C958CE}.Debug|Any CPU.ActiveCfg = Debug|Any CPU
		{B02FB0E4-FAF8-4722-B84E-7BE891C958CE}.Debug|Any CPU.Build.0 = Debug|Any CPU
		{B02FB0E4-FAF8-4722-B84E-7BE891C958CE}.Release|Any CPU.ActiveCfg = Release|Any CPU
		{B02FB0E4-FAF8-4722-B84E-7BE891C958CE}.Release|Any CPU.Build.0 = Release|Any CPU
		{9FDC39D7-BED4-43CC-8E87-7B10B8457799}.Debug|Any CPU.ActiveCfg = Debug|Any CPU
		{9FDC39D7-BED4-43CC-8E87-7B10B8457799}.Debug|Any CPU.Build.0 = Debug|Any CPU
		{9FDC39D7-BED4-43CC-8E87-7B10B8457799}.Release|Any CPU.ActiveCfg = Release|Any CPU
		{9FDC39D7-BED4-43CC-8E87-7B10B8457799}.Release|Any CPU.Build.0 = Release|Any CPU
		{866AB0FC-B16E-4EC2-979B-634D5DA30EB8}.Debug|Any CPU.ActiveCfg = Debug|Any CPU
		{866AB0FC-B16E-4EC2-979B-634D5DA30EB8}.Debug|Any CPU.Build.0 = Debug|Any CPU
		{866AB0FC-B16E-4EC2-979B-634D5DA30EB8}.Release|Any CPU.ActiveCfg = Release|Any CPU
		{866AB0FC-B16E-4EC2-979B-634D5DA30EB8}.Release|Any CPU.Build.0 = Release|Any CPU
		{B1AC5105-39A1-4EE8-9854-462F79A6E29B}.Debug|Any CPU.ActiveCfg = Debug|Any CPU
		{B1AC5105-39A1-4EE8-9854-462F79A6E29B}.Debug|Any CPU.Build.0 = Debug|Any CPU
		{B1AC5105-39A1-4EE8-9854-462F79A6E29B}.Release|Any CPU.ActiveCfg = Release|Any CPU
		{B1AC5105-39A1-4EE8-9854-462F79A6E29B}.Release|Any CPU.Build.0 = Release|Any CPU
		{E63A2A2A-ACB7-4C6B-922A-B90925D19479}.Debug|Any CPU.ActiveCfg = Debug|Any CPU
		{E63A2A2A-ACB7-4C6B-922A-B90925D19479}.Debug|Any CPU.Build.0 = Debug|Any CPU
		{E63A2A2A-ACB7-4C6B-922A-B90925D19479}.Release|Any CPU.ActiveCfg = Release|Any CPU
		{E63A2A2A-ACB7-4C6B-922A-B90925D19479}.Release|Any CPU.Build.0 = Release|Any CPU
		{DEB833CC-E63A-40AD-8430-FB020D107024}.Debug|Any CPU.ActiveCfg = Debug|Any CPU
		{DEB833CC-E63A-40AD-8430-FB020D107024}.Debug|Any CPU.Build.0 = Debug|Any CPU
		{DEB833CC-E63A-40AD-8430-FB020D107024}.Release|Any CPU.ActiveCfg = Release|Any CPU
		{DEB833CC-E63A-40AD-8430-FB020D107024}.Release|Any CPU.Build.0 = Release|Any CPU
	EndGlobalSection
	GlobalSection(NestedProjects) = preSolution
		{B02FB0E4-FAF8-4722-B84E-7BE891C958CE} = {441CDEBD-6D66-4AEB-90DB-0C4576D17B70}
		{9FDC39D7-BED4-43CC-8E87-7B10B8457799} = {441CDEBD-6D66-4AEB-90DB-0C4576D17B70}
		{866AB0FC-B16E-4EC2-979B-634D5DA30EB8} = {55BDF46B-96A3-468C-802A-053167D5E65C}
		{B1AC5105-39A1-4EE8-9854-462F79A6E29B} = {55BDF46B-96A3-468C-802A-053167D5E65C}
		{E63A2A2A-ACB7-4C6B-922A-B90925D19479} = {AE171E95-7B99-4E05-B0F0-C8542809CDD6}
		{DEB833CC-E63A-40AD-8430-FB020D107024} = {441CDEBD-6D66-4AEB-90DB-0C4576D17B70}
	EndGlobalSection
EndGlobal
