
Microsoft Visual Studio Solution File, Format Version 12.00
# Visual Studio Version 17
VisualStudioVersion = 17.0.31903.59
MinimumVisualStudioVersion = 10.0.40219.1
Project("{2150E333-8FDC-42A3-9474-1A3956D46DE8}") = "Core", "Core", "{FFDE7997-7EF6-48A4-8778-3A018B331817}"
EndProject
Project("{FAE04EC0-301F-11D3-BF4B-00C04F79EFBC}") = "Ecommerce.Application", "Core\Ecommerce.Application\Ecommerce.Application.csproj", "{08ACB423-3590-47F9-A52B-063A13FF7CA2}"
EndProject
Project("{FAE04EC0-301F-11D3-BF4B-00C04F79EFBC}") = "Ecommerce.Domain", "Core\Ecommerce.Domain\Ecommerce.Domain.csproj", "{0552A7A5-06E4-4B4E-88FC-8ACD113D8ACA}"
EndProject
Project("{2150E333-8FDC-42A3-9474-1A3956D46DE8}") = "Infrastructure", "Infrastructure", "{A1404EEC-0354-4B86-8D5B-6C97135944A5}"
EndProject
Project("{FAE04EC0-301F-11D3-BF4B-00C04F79EFBC}") = "Ecommerce.Infrastructure", "Infrastructure\Ecommerce.Infrastructure\Ecommerce.Infrastructure.csproj", "{34FBFA4F-E6B4-4E24-8301-ECB60A3E4D3C}"
EndProject
Project("{2150E333-8FDC-42A3-9474-1A3956D46DE8}") = "Presentation", "Presentation", "{A7F8904A-B666-413A-B589-90D24CC14D17}"
EndProject
Project("{FAE04EC0-301F-11D3-BF4B-00C04F79EFBC}") = "Ecommerce.Api", "Presentation\Ecommerce.Api\Ecommerce.Api.csproj", "{ABB96396-C499-4B20-92FD-C5F6A45795E1}"
EndProject
Project("{FAE04EC0-301F-11D3-BF4B-00C04F79EFBC}") = "Ecommerce.Persistance", "Infrastructure\Ecommerce.Persistance\Ecommerce.Persistance.csproj", "{AB6E502B-2956-4260-A6A2-B7BEEDDC1CAD}"
EndProject
Global
	GlobalSection(SolutionConfigurationPlatforms) = preSolution
		Debug|Any CPU = Debug|Any CPU
		Release|Any CPU = Release|Any CPU
	EndGlobalSection
	GlobalSection(SolutionProperties) = preSolution
		HideSolutionNode = FALSE
	EndGlobalSection
	GlobalSection(ProjectConfigurationPlatforms) = postSolution
		{08ACB423-3590-47F9-A52B-063A13FF7CA2}.Debug|Any CPU.ActiveCfg = Debug|Any CPU
		{08ACB423-3590-47F9-A52B-063A13FF7CA2}.Debug|Any CPU.Build.0 = Debug|Any CPU
		{08ACB423-3590-47F9-A52B-063A13FF7CA2}.Release|Any CPU.ActiveCfg = Release|Any CPU
		{08ACB423-3590-47F9-A52B-063A13FF7CA2}.Release|Any CPU.Build.0 = Release|Any CPU
		{0552A7A5-06E4-4B4E-88FC-8ACD113D8ACA}.Debug|Any CPU.ActiveCfg = Debug|Any CPU
		{0552A7A5-06E4-4B4E-88FC-8ACD113D8ACA}.Debug|Any CPU.Build.0 = Debug|Any CPU
		{0552A7A5-06E4-4B4E-88FC-8ACD113D8ACA}.Release|Any CPU.ActiveCfg = Release|Any CPU
		{0552A7A5-06E4-4B4E-88FC-8ACD113D8ACA}.Release|Any CPU.Build.0 = Release|Any CPU
		{34FBFA4F-E6B4-4E24-8301-ECB60A3E4D3C}.Debug|Any CPU.ActiveCfg = Debug|Any CPU
		{34FBFA4F-E6B4-4E24-8301-ECB60A3E4D3C}.Debug|Any CPU.Build.0 = Debug|Any CPU
		{34FBFA4F-E6B4-4E24-8301-ECB60A3E4D3C}.Release|Any CPU.ActiveCfg = Release|Any CPU
		{34FBFA4F-E6B4-4E24-8301-ECB60A3E4D3C}.Release|Any CPU.Build.0 = Release|Any CPU
		{ABB96396-C499-4B20-92FD-C5F6A45795E1}.Debug|Any CPU.ActiveCfg = Debug|Any CPU
		{ABB96396-C499-4B20-92FD-C5F6A45795E1}.Debug|Any CPU.Build.0 = Debug|Any CPU
		{ABB96396-C499-4B20-92FD-C5F6A45795E1}.Release|Any CPU.ActiveCfg = Release|Any CPU
		{ABB96396-C499-4B20-92FD-C5F6A45795E1}.Release|Any CPU.Build.0 = Release|Any CPU
		{AB6E502B-2956-4260-A6A2-B7BEEDDC1CAD}.Debug|Any CPU.ActiveCfg = Debug|Any CPU
		{AB6E502B-2956-4260-A6A2-B7BEEDDC1CAD}.Debug|Any CPU.Build.0 = Debug|Any CPU
		{AB6E502B-2956-4260-A6A2-B7BEEDDC1CAD}.Release|Any CPU.ActiveCfg = Release|Any CPU
		{AB6E502B-2956-4260-A6A2-B7BEEDDC1CAD}.Release|Any CPU.Build.0 = Release|Any CPU
	EndGlobalSection
	GlobalSection(NestedProjects) = preSolution
		{08ACB423-3590-47F9-A52B-063A13FF7CA2} = {FFDE7997-7EF6-48A4-8778-3A018B331817}
		{0552A7A5-06E4-4B4E-88FC-8ACD113D8ACA} = {FFDE7997-7EF6-48A4-8778-3A018B331817}
		{34FBFA4F-E6B4-4E24-8301-ECB60A3E4D3C} = {A1404EEC-0354-4B86-8D5B-6C97135944A5}
		{ABB96396-C499-4B20-92FD-C5F6A45795E1} = {A7F8904A-B666-413A-B589-90D24CC14D17}
		{AB6E502B-2956-4260-A6A2-B7BEEDDC1CAD} = {A1404EEC-0354-4B86-8D5B-6C97135944A5}
	EndGlobalSection
EndGlobal
